
Microsoft Visual Studio Solution File, Format Version 12.00
# Visual Studio Version 16
VisualStudioVersion = 25.0.1705.6
MinimumVisualStudioVersion = 10.0.40219.1
Project("{FAE04EC0-301F-11D3-BF4B-00C04F79EFBC}") = "EFCore-Lab", "EFCore-Lab\EFCore-Lab.csproj", "{4702E139-1514-4415-8816-C1ED4B943F6D}"
EndProject
Global
	GlobalSection(SolutionConfigurationPlatforms) = preSolution
		Debug|Any CPU = Debug|Any CPU
		Release|Any CPU = Release|Any CPU
	EndGlobalSection
	GlobalSection(ProjectConfigurationPlatforms) = postSolution
		{4702E139-1514-4415-8816-C1ED4B943F6D}.Debug|Any CPU.ActiveCfg = Debug|Any CPU
		{4702E139-1514-4415-8816-C1ED4B943F6D}.Debug|Any CPU.Build.0 = Debug|Any CPU
		{4702E139-1514-4415-8816-C1ED4B943F6D}.Release|Any CPU.ActiveCfg = Release|Any CPU
		{4702E139-1514-4415-8816-C1ED4B943F6D}.Release|Any CPU.Build.0 = Release|Any CPU
	EndGlobalSection
	GlobalSection(SolutionProperties) = preSolution
		HideSolutionNode = FALSE
	EndGlobalSection
	GlobalSection(ExtensibilityGlobals) = postSolution
		SolutionGuid = {14B91EB3-2325-4C2D-A63E-653B47E90DE8}
	EndGlobalSection
EndGlobal
